
Microsoft Visual Studio Solution File, Format Version 12.00
# Visual Studio Version 17
VisualStudioVersion = 17.11.35222.181
MinimumVisualStudioVersion = 10.0.40219.1
Project("{FAE04EC0-301F-11D3-BF4B-00C04F79EFBC}") = "Zadanie2", "Zadanie2\Zadanie2.csproj", "{239F47F9-F9B0-4DD1-8395-27ED5F9A3F05}"
EndProject
Global
	GlobalSection(SolutionConfigurationPlatforms) = preSolution
		Debug|Any CPU = Debug|Any CPU
		Release|Any CPU = Release|Any CPU
	EndGlobalSection
	GlobalSection(ProjectConfigurationPlatforms) = postSolution
		{239F47F9-F9B0-4DD1-8395-27ED5F9A3F05}.Debug|Any CPU.ActiveCfg = Debug|Any CPU
		{239F47F9-F9B0-4DD1-8395-27ED5F9A3F05}.Debug|Any CPU.Build.0 = Debug|Any CPU
		{239F47F9-F9B0-4DD1-8395-27ED5F9A3F05}.Release|Any CPU.ActiveCfg = Release|Any CPU
		{239F47F9-F9B0-4DD1-8395-27ED5F9A3F05}.Release|Any CPU.Build.0 = Release|Any CPU
	EndGlobalSection
	GlobalSection(SolutionProperties) = preSolution
		HideSolutionNode = FALSE
	EndGlobalSection
	GlobalSection(ExtensibilityGlobals) = postSolution
		SolutionGuid = {E83C6A91-3480-4648-87BA-C4C3A72E03AD}
	EndGlobalSection
EndGlobal
